
Microsoft Visual Studio Solution File, Format Version 12.00
# Visual Studio Version 17
VisualStudioVersion = 17.14.36623.8
MinimumVisualStudioVersion = 10.0.40219.1
Project("{FAE04EC0-301F-11D3-BF4B-00C04F79EFBC}") = "SV22T1020330.Admin", "SV22T1020330.Admin\SV22T1020330.Admin.csproj", "{CD52AAD1-4CBD-4ADA-BFAB-378D3839DE99}"
EndProject
Project("{FAE04EC0-301F-11D3-BF4B-00C04F79EFBC}") = "SV22T1020330.Shop", "SV22T1020330.Shop\SV22T1020330.Shop.csproj", "{912F63F2-5966-4EB2-946E-7E1EF91A499D}"
EndProject
Project("{FAE04EC0-301F-11D3-BF4B-00C04F79EFBC}") = "SV22T1020330.BusinessLayers", "SV22T1020330.BusinessLayers\SV22T1020330.BusinessLayers.csproj", "{430234F5-6041-4D72-8F73-8CE1E0CD36B1}"
EndProject
Project("{FAE04EC0-301F-11D3-BF4B-00C04F79EFBC}") = "SV22T1020330.DataLayers", "SV22T1020330.DataLayers\SV22T1020330.DataLayers.csproj", "{CA9FB5C9-BE40-4A7E-85D6-78A871789068}"
EndProject
Project("{FAE04EC0-301F-11D3-BF4B-00C04F79EFBC}") = "SV22T1020330.Models", "SV22T1020330.Models\SV22T1020330.Models.csproj", "{F21F2F39-7436-40C3-AF9E-32300E7B7F9D}"
EndProject
Project("{2150E333-8FDC-42A3-9474-1A3956D46DE8}") = "Application", "Application", "{02EA681E-C7D8-13C7-8484-4AC65E1B71E8}"
EndProject
Project("{2150E333-8FDC-42A3-9474-1A3956D46DE8}") = "Library", "Library", "{70BA7E3C-6A5F-40D7-A601-FB5DD7164D6B}"
EndProject
Global
	GlobalSection(SolutionConfigurationPlatforms) = preSolution
		Debug|Any CPU = Debug|Any CPU
		Release|Any CPU = Release|Any CPU
	EndGlobalSection
	GlobalSection(ProjectConfigurationPlatforms) = postSolution
		{CD52AAD1-4CBD-4ADA-BFAB-378D3839DE99}.Debug|Any CPU.ActiveCfg = Debug|Any CPU
		{CD52AAD1-4CBD-4ADA-BFAB-378D3839DE99}.Debug|Any CPU.Build.0 = Debug|Any CPU
		{CD52AAD1-4CBD-4ADA-BFAB-378D3839DE99}.Release|Any CPU.ActiveCfg = Release|Any CPU
		{CD52AAD1-4CBD-4ADA-BFAB-378D3839DE99}.Release|Any CPU.Build.0 = Release|Any CPU
		{912F63F2-5966-4EB2-946E-7E1EF91A499D}.Debug|Any CPU.ActiveCfg = Debug|Any CPU
		{912F63F2-5966-4EB2-946E-7E1EF91A499D}.Debug|Any CPU.Build.0 = Debug|Any CPU
		{912F63F2-5966-4EB2-946E-7E1EF91A499D}.Release|Any CPU.ActiveCfg = Release|Any CPU
		{912F63F2-5966-4EB2-946E-7E1EF91A499D}.Release|Any CPU.Build.0 = Release|Any CPU
		{430234F5-6041-4D72-8F73-8CE1E0CD36B1}.Debug|Any CPU.ActiveCfg = Debug|Any CPU
		{430234F5-6041-4D72-8F73-8CE1E0CD36B1}.Debug|Any CPU.Build.0 = Debug|Any CPU
		{430234F5-6041-4D72-8F73-8CE1E0CD36B1}.Release|Any CPU.ActiveCfg = Release|Any CPU
		{430234F5-6041-4D72-8F73-8CE1E0CD36B1}.Release|Any CPU.Build.0 = Release|Any CPU
		{CA9FB5C9-BE40-4A7E-85D6-78A871789068}.Debug|Any CPU.ActiveCfg = Debug|Any CPU
		{CA9FB5C9-BE40-4A7E-85D6-78A871789068}.Debug|Any CPU.Build.0 = Debug|Any CPU
		{CA9FB5C9-BE40-4A7E-85D6-78A871789068}.Release|Any CPU.ActiveCfg = Release|Any CPU
		{CA9FB5C9-BE40-4A7E-85D6-78A871789068}.Release|Any CPU.Build.0 = Release|Any CPU
		{F21F2F39-7436-40C3-AF9E-32300E7B7F9D}.Debug|Any CPU.ActiveCfg = Debug|Any CPU
		{F21F2F39-7436-40C3-AF9E-32300E7B7F9D}.Debug|Any CPU.Build.0 = Debug|Any CPU
		{F21F2F39-7436-40C3-AF9E-32300E7B7F9D}.Release|Any CPU.ActiveCfg = Release|Any CPU
		{F21F2F39-7436-40C3-AF9E-32300E7B7F9D}.Release|Any CPU.Build.0 = Release|Any CPU
	EndGlobalSection
	GlobalSection(SolutionProperties) = preSolution
		HideSolutionNode = FALSE
	EndGlobalSection
	GlobalSection(NestedProjects) = preSolution
		{CD52AAD1-4CBD-4ADA-BFAB-378D3839DE99} = {02EA681E-C7D8-13C7-8484-4AC65E1B71E8}
		{912F63F2-5966-4EB2-946E-7E1EF91A499D} = {02EA681E-C7D8-13C7-8484-4AC65E1B71E8}
		{430234F5-6041-4D72-8F73-8CE1E0CD36B1} = {70BA7E3C-6A5F-40D7-A601-FB5DD7164D6B}
		{CA9FB5C9-BE40-4A7E-85D6-78A871789068} = {70BA7E3C-6A5F-40D7-A601-FB5DD7164D6B}
		{F21F2F39-7436-40C3-AF9E-32300E7B7F9D} = {70BA7E3C-6A5F-40D7-A601-FB5DD7164D6B}
	EndGlobalSection
	GlobalSection(ExtensibilityGlobals) = postSolution
		SolutionGuid = {7B6A0CEB-2919-49C8-8203-699400785BDE}
	EndGlobalSection
EndGlobal
